
Microsoft Visual Studio Solution File, Format Version 12.00
# Visual Studio Version 17
VisualStudioVersion = 17.9.34728.123
MinimumVisualStudioVersion = 10.0.40219.1
Project("{9A19103F-16F7-4668-BE54-9A1E7A4F7556}") = "Curso_C#", "Curso_C#\Curso_C#.csproj", "{FA75887A-90D5-4949-BDB2-0CC83CACCCBE}"
EndProject
Project("{9A19103F-16F7-4668-BE54-9A1E7A4F7556}") = "ClasesYObjetos", "ClasesYObjetos\ClasesYObjetos.csproj", "{52262A4C-E95C-42AE-AAFF-F896BCF9C8CE}"
EndProject
Project("{9A19103F-16F7-4668-BE54-9A1E7A4F7556}") = "Propiedades", "Propiedades\Propiedades.csproj", "{F6C61790-C2F0-4844-ABF8-31B7E4DFD1F2}"
EndProject
Project("{9A19103F-16F7-4668-BE54-9A1E7A4F7556}") = "Herencia", "Herencia\Herencia.csproj", "{702F316D-3457-439C-B419-59E1C105BE59}"
EndProject
Project("{9A19103F-16F7-4668-BE54-9A1E7A4F7556}") = "SobreCargaDeMetodos", "SobreCargaDeMetodos\SobreCargaDeMetodos.csproj", "{B3061168-E2A3-4E8B-AE75-15159886CCED}"
EndProject
Project("{9A19103F-16F7-4668-BE54-9A1E7A4F7556}") = "test_comando", "test_comando\test_comando.csproj", "{11B61A30-4973-4350-B6FE-CC04596851CC}"
EndProject
Project("{FAE04EC0-301F-11D3-BF4B-00C04F79EFBC}") = "SobreEscrituraMetodos", "SobreEscrituraMetodos\SobreEscrituraMetodos.csproj", "{EF83C706-1959-472C-83C9-AF0B3E46EC09}"
EndProject
Project("{FAE04EC0-301F-11D3-BF4B-00C04F79EFBC}") = "Static", "Static\Static.csproj", "{D9DEFF21-43FF-4278-82A3-4B84758177A3}"
EndProject
Global
	GlobalSection(SolutionConfigurationPlatforms) = preSolution
		Debug|Any CPU = Debug|Any CPU
		Release|Any CPU = Release|Any CPU
	EndGlobalSection
	GlobalSection(ProjectConfigurationPlatforms) = postSolution
		{FA75887A-90D5-4949-BDB2-0CC83CACCCBE}.Debug|Any CPU.ActiveCfg = Debug|Any CPU
		{FA75887A-90D5-4949-BDB2-0CC83CACCCBE}.Debug|Any CPU.Build.0 = Debug|Any CPU
		{FA75887A-90D5-4949-BDB2-0CC83CACCCBE}.Release|Any CPU.ActiveCfg = Release|Any CPU
		{FA75887A-90D5-4949-BDB2-0CC83CACCCBE}.Release|Any CPU.Build.0 = Release|Any CPU
		{52262A4C-E95C-42AE-AAFF-F896BCF9C8CE}.Debug|Any CPU.ActiveCfg = Debug|Any CPU
		{52262A4C-E95C-42AE-AAFF-F896BCF9C8CE}.Debug|Any CPU.Build.0 = Debug|Any CPU
		{52262A4C-E95C-42AE-AAFF-F896BCF9C8CE}.Release|Any CPU.ActiveCfg = Release|Any CPU
		{52262A4C-E95C-42AE-AAFF-F896BCF9C8CE}.Release|Any CPU.Build.0 = Release|Any CPU
		{F6C61790-C2F0-4844-ABF8-31B7E4DFD1F2}.Debug|Any CPU.ActiveCfg = Debug|Any CPU
		{F6C61790-C2F0-4844-ABF8-31B7E4DFD1F2}.Debug|Any CPU.Build.0 = Debug|Any CPU
		{F6C61790-C2F0-4844-ABF8-31B7E4DFD1F2}.Release|Any CPU.ActiveCfg = Release|Any CPU
		{F6C61790-C2F0-4844-ABF8-31B7E4DFD1F2}.Release|Any CPU.Build.0 = Release|Any CPU
		{702F316D-3457-439C-B419-59E1C105BE59}.Debug|Any CPU.ActiveCfg = Debug|Any CPU
		{702F316D-3457-439C-B419-59E1C105BE59}.Debug|Any CPU.Build.0 = Debug|Any CPU
		{702F316D-3457-439C-B419-59E1C105BE59}.Release|Any CPU.ActiveCfg = Release|Any CPU
		{702F316D-3457-439C-B419-59E1C105BE59}.Release|Any CPU.Build.0 = Release|Any CPU
		{B3061168-E2A3-4E8B-AE75-15159886CCED}.Debug|Any CPU.ActiveCfg = Debug|Any CPU
		{B3061168-E2A3-4E8B-AE75-15159886CCED}.Debug|Any CPU.Build.0 = Debug|Any CPU
		{B3061168-E2A3-4E8B-AE75-15159886CCED}.Release|Any CPU.ActiveCfg = Release|Any CPU
		{B3061168-E2A3-4E8B-AE75-15159886CCED}.Release|Any CPU.Build.0 = Release|Any CPU
		{11B61A30-4973-4350-B6FE-CC04596851CC}.Debug|Any CPU.ActiveCfg = Debug|Any CPU
		{11B61A30-4973-4350-B6FE-CC04596851CC}.Debug|Any CPU.Build.0 = Debug|Any CPU
		{11B61A30-4973-4350-B6FE-CC04596851CC}.Release|Any CPU.ActiveCfg = Release|Any CPU
		{11B61A30-4973-4350-B6FE-CC04596851CC}.Release|Any CPU.Build.0 = Release|Any CPU
		{EF83C706-1959-472C-83C9-AF0B3E46EC09}.Debug|Any CPU.ActiveCfg = Debug|Any CPU
		{EF83C706-1959-472C-83C9-AF0B3E46EC09}.Debug|Any CPU.Build.0 = Debug|Any CPU
		{EF83C706-1959-472C-83C9-AF0B3E46EC09}.Release|Any CPU.ActiveCfg = Release|Any CPU
		{EF83C706-1959-472C-83C9-AF0B3E46EC09}.Release|Any CPU.Build.0 = Release|Any CPU
		{D9DEFF21-43FF-4278-82A3-4B84758177A3}.Debug|Any CPU.ActiveCfg = Debug|Any CPU
		{D9DEFF21-43FF-4278-82A3-4B84758177A3}.Debug|Any CPU.Build.0 = Debug|Any CPU
		{D9DEFF21-43FF-4278-82A3-4B84758177A3}.Release|Any CPU.ActiveCfg = Release|Any CPU
		{D9DEFF21-43FF-4278-82A3-4B84758177A3}.Release|Any CPU.Build.0 = Release|Any CPU
	EndGlobalSection
	GlobalSection(SolutionProperties) = preSolution
		HideSolutionNode = FALSE
	EndGlobalSection
	GlobalSection(ExtensibilityGlobals) = postSolution
		SolutionGuid = {7C7610CA-D781-4112-97C2-D7589786DDE2}
	EndGlobalSection
EndGlobal
