
Microsoft Visual Studio Solution File, Format Version 12.00
# Visual Studio Version 17
VisualStudioVersion = 17.9.34728.123
MinimumVisualStudioVersion = 10.0.40219.1
Project("{9A19103F-16F7-4668-BE54-9A1E7A4F7556}") = "Curso_C#", "Curso_C#\Curso_C#.csproj", "{FA75887A-90D5-4949-BDB2-0CC83CACCCBE}"
EndProject
Project("{9A19103F-16F7-4668-BE54-9A1E7A4F7556}") = "ClasesYObjetos", "ClasesYObjetos\ClasesYObjetos.csproj", "{52262A4C-E95C-42AE-AAFF-F896BCF9C8CE}"
EndProject
Project("{9A19103F-16F7-4668-BE54-9A1E7A4F7556}") = "Propiedades", "Propiedades\Propiedades.csproj", "{F6C61790-C2F0-4844-ABF8-31B7E4DFD1F2}"
EndProject
Project("{9A19103F-16F7-4668-BE54-9A1E7A4F7556}") = "Herencia", "Herencia\Herencia.csproj", "{702F316D-3457-439C-B419-59E1C105BE59}"
EndProject
Project("{9A19103F-16F7-4668-BE54-9A1E7A4F7556}") = "SobreCargaDeMetodos", "SobreCargaDeMetodos\SobreCargaDeMetodos.csproj", "{B3061168-E2A3-4E8B-AE75-15159886CCED}"
EndProject
Project("{9A19103F-16F7-4668-BE54-9A1E7A4F7556}") = "test_comando", "test_comando\test_comando.csproj", "{11B61A30-4973-4350-B6FE-CC04596851CC}"
EndProject
Project("{9A19103F-16F7-4668-BE54-9A1E7A4F7556}") = "SobreEscrituraMetodos", "SobreEscrituraMetodos\SobreEscrituraMetodos.csproj", "{EF83C706-1959-472C-83C9-AF0B3E46EC09}"
EndProject
Project("{9A19103F-16F7-4668-BE54-9A1E7A4F7556}") = "Static", "Static\Static.csproj", "{D9DEFF21-43FF-4278-82A3-4B84758177A3}"
EndProject
Project("{9A19103F-16F7-4668-BE54-9A1E7A4F7556}") = "Interfaz", "Interfaz\Interfaz.csproj", "{BFB3C413-5C52-4C55-B938-596976D6899D}"
EndProject
Project("{9A19103F-16F7-4668-BE54-9A1E7A4F7556}") = "Generics", "Generics\Generics.csproj", "{C26E5B89-FAA6-4135-89DB-B8458CD6527F}"
EndProject
Project("{9A19103F-16F7-4668-BE54-9A1E7A4F7556}") = "Json", "Json\Json.csproj", "{7BF2A46D-D22C-4776-807E-B383DEB9A8F2}"
EndProject
Project("{9A19103F-16F7-4668-BE54-9A1E7A4F7556}") = "Listas", "Listas\Listas.csproj", "{985C6DC8-1CB6-46CB-B0A2-C8E1E4CFCE3D}"
EndProject
Project("{9A19103F-16F7-4668-BE54-9A1E7A4F7556}") = "ForEach", "ForEach\ForEach.csproj", "{9DE96179-29D4-4BD9-B66E-B59D124F8D06}"
EndProject
Project("{9A19103F-16F7-4668-BE54-9A1E7A4F7556}") = "Listas_métodos_comunes", "Listas_métodos_comunes\Listas_métodos_comunes.csproj", "{AD3464B2-6401-42C5-BB16-1C61A4A831FB}"
EndProject
Project("{9A19103F-16F7-4668-BE54-9A1E7A4F7556}") = "Tipos_anonimos", "Tipos_anonimos\Tipos_anonimos.csproj", "{6B109AB2-F4AC-4188-B1C2-B5656CC53322}"
EndProject
Project("{9A19103F-16F7-4668-BE54-9A1E7A4F7556}") = "Tuplas", "Tuplas\Tuplas.csproj", "{A225A04E-6931-43CE-ABD4-DB666F21C504}"
EndProject
Project("{9A19103F-16F7-4668-BE54-9A1E7A4F7556}") = "Excepciones", "Excepciones\Excepciones.csproj", "{058693E0-2BF4-4096-B068-8B9A434925BE}"
EndProject
Project("{9A19103F-16F7-4668-BE54-9A1E7A4F7556}") = "ExcepcionesPersonalizadas", "ExcepcionesPersonalizadas\ExcepcionesPersonalizadas.csproj", "{7C10753F-5D32-4E0B-B4C9-D7BCB2266FDB}"
EndProject
Project("{9A19103F-16F7-4668-BE54-9A1E7A4F7556}") = "LINQ", "LINQ\LINQ.csproj", "{CD23AFC8-7D78-4C2E-B92B-3271C23DC5D5}"
EndProject
Project("{9A19103F-16F7-4668-BE54-9A1E7A4F7556}") = "LINQ_JOIN", "LINQ_JOIN\LINQ_JOIN.csproj", "{576CEB22-0312-4885-A5EF-549FF62C49DE}"
EndProject
Project("{9A19103F-16F7-4668-BE54-9A1E7A4F7556}") = "ConexiónBaseDeDatos", "ConexiónBaseDeDatos\ConexiónBaseDeDatos.csproj", "{CA4ED02E-2150-46F8-ADC2-6FE15EBC184D}"
EndProject
Project("{9A19103F-16F7-4668-BE54-9A1E7A4F7556}") = "ConexiónBaseDeDatosAbstracta", "ConexiónBaseDeDatosAbstracta\ConexiónBaseDeDatosAbstracta.csproj", "{7A1B3476-E6E4-473D-B95A-1076F0A479A4}"
EndProject
Project("{9A19103F-16F7-4668-BE54-9A1E7A4F7556}") = "ConexiónBaseDeDatosMenu", "ConexiónBaseDeDatosMenu\ConexiónBaseDeDatosMenu.csproj", "{BA7F878B-A344-4E0E-884C-08BF1267C85A}"
EndProject
Project("{FAE04EC0-301F-11D3-BF4B-00C04F79EFBC}") = "BD", "BD\BD.csproj", "{13723DE6-91D4-4E3B-B43F-1850E252CD0D}"
EndProject
Project("{FAE04EC0-301F-11D3-BF4B-00C04F79EFBC}") = "EntityFrameworkSystem", "EntityFrameworkSystem\EntityFrameworkSystem.csproj", "{22FAD16A-F45A-429D-BA38-40EF9E0202C1}"
EndProject
Project("{FAE04EC0-301F-11D3-BF4B-00C04F79EFBC}") = "Multidifusión", "Multidifusión\Multidifusión.csproj", "{FFC744D7-BF4C-4E29-A686-A5BCEACCC211}"
EndProject
Project("{FAE04EC0-301F-11D3-BF4B-00C04F79EFBC}") = "FuncionesDeOrdenSuperior", "FuncionesDeOrdenSuperior\FuncionesDeOrdenSuperior.csproj", "{7ABA085B-7AAB-43CA-B1BA-9817D10F07FB}"
EndProject
Project("{FAE04EC0-301F-11D3-BF4B-00C04F79EFBC}") = "Delegados", "Delegados\Delegados.csproj", "{D0F40C41-9B5D-4C91-9A3E-0210A6F5AC5D}"
EndProject
Global
	GlobalSection(SolutionConfigurationPlatforms) = preSolution
		Debug|Any CPU = Debug|Any CPU
		Release|Any CPU = Release|Any CPU
	EndGlobalSection
	GlobalSection(ProjectConfigurationPlatforms) = postSolution
		{FA75887A-90D5-4949-BDB2-0CC83CACCCBE}.Debug|Any CPU.ActiveCfg = Debug|Any CPU
		{FA75887A-90D5-4949-BDB2-0CC83CACCCBE}.Debug|Any CPU.Build.0 = Debug|Any CPU
		{FA75887A-90D5-4949-BDB2-0CC83CACCCBE}.Release|Any CPU.ActiveCfg = Release|Any CPU
		{FA75887A-90D5-4949-BDB2-0CC83CACCCBE}.Release|Any CPU.Build.0 = Release|Any CPU
		{52262A4C-E95C-42AE-AAFF-F896BCF9C8CE}.Debug|Any CPU.ActiveCfg = Debug|Any CPU
		{52262A4C-E95C-42AE-AAFF-F896BCF9C8CE}.Debug|Any CPU.Build.0 = Debug|Any CPU
		{52262A4C-E95C-42AE-AAFF-F896BCF9C8CE}.Release|Any CPU.ActiveCfg = Release|Any CPU
		{52262A4C-E95C-42AE-AAFF-F896BCF9C8CE}.Release|Any CPU.Build.0 = Release|Any CPU
		{F6C61790-C2F0-4844-ABF8-31B7E4DFD1F2}.Debug|Any CPU.ActiveCfg = Debug|Any CPU
		{F6C61790-C2F0-4844-ABF8-31B7E4DFD1F2}.Debug|Any CPU.Build.0 = Debug|Any CPU
		{F6C61790-C2F0-4844-ABF8-31B7E4DFD1F2}.Release|Any CPU.ActiveCfg = Release|Any CPU
		{F6C61790-C2F0-4844-ABF8-31B7E4DFD1F2}.Release|Any CPU.Build.0 = Release|Any CPU
		{702F316D-3457-439C-B419-59E1C105BE59}.Debug|Any CPU.ActiveCfg = Debug|Any CPU
		{702F316D-3457-439C-B419-59E1C105BE59}.Debug|Any CPU.Build.0 = Debug|Any CPU
		{702F316D-3457-439C-B419-59E1C105BE59}.Release|Any CPU.ActiveCfg = Release|Any CPU
		{702F316D-3457-439C-B419-59E1C105BE59}.Release|Any CPU.Build.0 = Release|Any CPU
		{B3061168-E2A3-4E8B-AE75-15159886CCED}.Debug|Any CPU.ActiveCfg = Debug|Any CPU
		{B3061168-E2A3-4E8B-AE75-15159886CCED}.Debug|Any CPU.Build.0 = Debug|Any CPU
		{B3061168-E2A3-4E8B-AE75-15159886CCED}.Release|Any CPU.ActiveCfg = Release|Any CPU
		{B3061168-E2A3-4E8B-AE75-15159886CCED}.Release|Any CPU.Build.0 = Release|Any CPU
		{11B61A30-4973-4350-B6FE-CC04596851CC}.Debug|Any CPU.ActiveCfg = Debug|Any CPU
		{11B61A30-4973-4350-B6FE-CC04596851CC}.Debug|Any CPU.Build.0 = Debug|Any CPU
		{11B61A30-4973-4350-B6FE-CC04596851CC}.Release|Any CPU.ActiveCfg = Release|Any CPU
		{11B61A30-4973-4350-B6FE-CC04596851CC}.Release|Any CPU.Build.0 = Release|Any CPU
		{EF83C706-1959-472C-83C9-AF0B3E46EC09}.Debug|Any CPU.ActiveCfg = Debug|Any CPU
		{EF83C706-1959-472C-83C9-AF0B3E46EC09}.Debug|Any CPU.Build.0 = Debug|Any CPU
		{EF83C706-1959-472C-83C9-AF0B3E46EC09}.Release|Any CPU.ActiveCfg = Release|Any CPU
		{EF83C706-1959-472C-83C9-AF0B3E46EC09}.Release|Any CPU.Build.0 = Release|Any CPU
		{D9DEFF21-43FF-4278-82A3-4B84758177A3}.Debug|Any CPU.ActiveCfg = Debug|Any CPU
		{D9DEFF21-43FF-4278-82A3-4B84758177A3}.Debug|Any CPU.Build.0 = Debug|Any CPU
		{D9DEFF21-43FF-4278-82A3-4B84758177A3}.Release|Any CPU.ActiveCfg = Release|Any CPU
		{D9DEFF21-43FF-4278-82A3-4B84758177A3}.Release|Any CPU.Build.0 = Release|Any CPU
		{BFB3C413-5C52-4C55-B938-596976D6899D}.Debug|Any CPU.ActiveCfg = Debug|Any CPU
		{BFB3C413-5C52-4C55-B938-596976D6899D}.Debug|Any CPU.Build.0 = Debug|Any CPU
		{BFB3C413-5C52-4C55-B938-596976D6899D}.Release|Any CPU.ActiveCfg = Release|Any CPU
		{BFB3C413-5C52-4C55-B938-596976D6899D}.Release|Any CPU.Build.0 = Release|Any CPU
		{C26E5B89-FAA6-4135-89DB-B8458CD6527F}.Debug|Any CPU.ActiveCfg = Debug|Any CPU
		{C26E5B89-FAA6-4135-89DB-B8458CD6527F}.Debug|Any CPU.Build.0 = Debug|Any CPU
		{C26E5B89-FAA6-4135-89DB-B8458CD6527F}.Release|Any CPU.ActiveCfg = Release|Any CPU
		{C26E5B89-FAA6-4135-89DB-B8458CD6527F}.Release|Any CPU.Build.0 = Release|Any CPU
		{7BF2A46D-D22C-4776-807E-B383DEB9A8F2}.Debug|Any CPU.ActiveCfg = Debug|Any CPU
		{7BF2A46D-D22C-4776-807E-B383DEB9A8F2}.Debug|Any CPU.Build.0 = Debug|Any CPU
		{7BF2A46D-D22C-4776-807E-B383DEB9A8F2}.Release|Any CPU.ActiveCfg = Release|Any CPU
		{7BF2A46D-D22C-4776-807E-B383DEB9A8F2}.Release|Any CPU.Build.0 = Release|Any CPU
		{985C6DC8-1CB6-46CB-B0A2-C8E1E4CFCE3D}.Debug|Any CPU.ActiveCfg = Debug|Any CPU
		{985C6DC8-1CB6-46CB-B0A2-C8E1E4CFCE3D}.Debug|Any CPU.Build.0 = Debug|Any CPU
		{985C6DC8-1CB6-46CB-B0A2-C8E1E4CFCE3D}.Release|Any CPU.ActiveCfg = Release|Any CPU
		{985C6DC8-1CB6-46CB-B0A2-C8E1E4CFCE3D}.Release|Any CPU.Build.0 = Release|Any CPU
		{9DE96179-29D4-4BD9-B66E-B59D124F8D06}.Debug|Any CPU.ActiveCfg = Debug|Any CPU
		{9DE96179-29D4-4BD9-B66E-B59D124F8D06}.Debug|Any CPU.Build.0 = Debug|Any CPU
		{9DE96179-29D4-4BD9-B66E-B59D124F8D06}.Release|Any CPU.ActiveCfg = Release|Any CPU
		{9DE96179-29D4-4BD9-B66E-B59D124F8D06}.Release|Any CPU.Build.0 = Release|Any CPU
		{AD3464B2-6401-42C5-BB16-1C61A4A831FB}.Debug|Any CPU.ActiveCfg = Debug|Any CPU
		{AD3464B2-6401-42C5-BB16-1C61A4A831FB}.Debug|Any CPU.Build.0 = Debug|Any CPU
		{AD3464B2-6401-42C5-BB16-1C61A4A831FB}.Release|Any CPU.ActiveCfg = Release|Any CPU
		{AD3464B2-6401-42C5-BB16-1C61A4A831FB}.Release|Any CPU.Build.0 = Release|Any CPU
		{6B109AB2-F4AC-4188-B1C2-B5656CC53322}.Debug|Any CPU.ActiveCfg = Debug|Any CPU
		{6B109AB2-F4AC-4188-B1C2-B5656CC53322}.Debug|Any CPU.Build.0 = Debug|Any CPU
		{6B109AB2-F4AC-4188-B1C2-B5656CC53322}.Release|Any CPU.ActiveCfg = Release|Any CPU
		{6B109AB2-F4AC-4188-B1C2-B5656CC53322}.Release|Any CPU.Build.0 = Release|Any CPU
		{A225A04E-6931-43CE-ABD4-DB666F21C504}.Debug|Any CPU.ActiveCfg = Debug|Any CPU
		{A225A04E-6931-43CE-ABD4-DB666F21C504}.Debug|Any CPU.Build.0 = Debug|Any CPU
		{A225A04E-6931-43CE-ABD4-DB666F21C504}.Release|Any CPU.ActiveCfg = Release|Any CPU
		{A225A04E-6931-43CE-ABD4-DB666F21C504}.Release|Any CPU.Build.0 = Release|Any CPU
		{058693E0-2BF4-4096-B068-8B9A434925BE}.Debug|Any CPU.ActiveCfg = Debug|Any CPU
		{058693E0-2BF4-4096-B068-8B9A434925BE}.Debug|Any CPU.Build.0 = Debug|Any CPU
		{058693E0-2BF4-4096-B068-8B9A434925BE}.Release|Any CPU.ActiveCfg = Release|Any CPU
		{058693E0-2BF4-4096-B068-8B9A434925BE}.Release|Any CPU.Build.0 = Release|Any CPU
		{7C10753F-5D32-4E0B-B4C9-D7BCB2266FDB}.Debug|Any CPU.ActiveCfg = Debug|Any CPU
		{7C10753F-5D32-4E0B-B4C9-D7BCB2266FDB}.Debug|Any CPU.Build.0 = Debug|Any CPU
		{7C10753F-5D32-4E0B-B4C9-D7BCB2266FDB}.Release|Any CPU.ActiveCfg = Release|Any CPU
		{7C10753F-5D32-4E0B-B4C9-D7BCB2266FDB}.Release|Any CPU.Build.0 = Release|Any CPU
		{CD23AFC8-7D78-4C2E-B92B-3271C23DC5D5}.Debug|Any CPU.ActiveCfg = Debug|Any CPU
		{CD23AFC8-7D78-4C2E-B92B-3271C23DC5D5}.Debug|Any CPU.Build.0 = Debug|Any CPU
		{CD23AFC8-7D78-4C2E-B92B-3271C23DC5D5}.Release|Any CPU.ActiveCfg = Release|Any CPU
		{CD23AFC8-7D78-4C2E-B92B-3271C23DC5D5}.Release|Any CPU.Build.0 = Release|Any CPU
		{576CEB22-0312-4885-A5EF-549FF62C49DE}.Debug|Any CPU.ActiveCfg = Debug|Any CPU
		{576CEB22-0312-4885-A5EF-549FF62C49DE}.Debug|Any CPU.Build.0 = Debug|Any CPU
		{576CEB22-0312-4885-A5EF-549FF62C49DE}.Release|Any CPU.ActiveCfg = Release|Any CPU
		{576CEB22-0312-4885-A5EF-549FF62C49DE}.Release|Any CPU.Build.0 = Release|Any CPU
		{CA4ED02E-2150-46F8-ADC2-6FE15EBC184D}.Debug|Any CPU.ActiveCfg = Debug|Any CPU
		{CA4ED02E-2150-46F8-ADC2-6FE15EBC184D}.Debug|Any CPU.Build.0 = Debug|Any CPU
		{CA4ED02E-2150-46F8-ADC2-6FE15EBC184D}.Release|Any CPU.ActiveCfg = Release|Any CPU
		{CA4ED02E-2150-46F8-ADC2-6FE15EBC184D}.Release|Any CPU.Build.0 = Release|Any CPU
		{7A1B3476-E6E4-473D-B95A-1076F0A479A4}.Debug|Any CPU.ActiveCfg = Debug|Any CPU
		{7A1B3476-E6E4-473D-B95A-1076F0A479A4}.Debug|Any CPU.Build.0 = Debug|Any CPU
		{7A1B3476-E6E4-473D-B95A-1076F0A479A4}.Release|Any CPU.ActiveCfg = Release|Any CPU
		{7A1B3476-E6E4-473D-B95A-1076F0A479A4}.Release|Any CPU.Build.0 = Release|Any CPU
		{BA7F878B-A344-4E0E-884C-08BF1267C85A}.Debug|Any CPU.ActiveCfg = Debug|Any CPU
		{BA7F878B-A344-4E0E-884C-08BF1267C85A}.Debug|Any CPU.Build.0 = Debug|Any CPU
		{BA7F878B-A344-4E0E-884C-08BF1267C85A}.Release|Any CPU.ActiveCfg = Release|Any CPU
		{BA7F878B-A344-4E0E-884C-08BF1267C85A}.Release|Any CPU.Build.0 = Release|Any CPU
		{13723DE6-91D4-4E3B-B43F-1850E252CD0D}.Debug|Any CPU.ActiveCfg = Debug|Any CPU
		{13723DE6-91D4-4E3B-B43F-1850E252CD0D}.Debug|Any CPU.Build.0 = Debug|Any CPU
		{13723DE6-91D4-4E3B-B43F-1850E252CD0D}.Release|Any CPU.ActiveCfg = Release|Any CPU
		{13723DE6-91D4-4E3B-B43F-1850E252CD0D}.Release|Any CPU.Build.0 = Release|Any CPU
		{22FAD16A-F45A-429D-BA38-40EF9E0202C1}.Debug|Any CPU.ActiveCfg = Debug|Any CPU
		{22FAD16A-F45A-429D-BA38-40EF9E0202C1}.Debug|Any CPU.Build.0 = Debug|Any CPU
		{22FAD16A-F45A-429D-BA38-40EF9E0202C1}.Release|Any CPU.ActiveCfg = Release|Any CPU
		{22FAD16A-F45A-429D-BA38-40EF9E0202C1}.Release|Any CPU.Build.0 = Release|Any CPU
		{FFC744D7-BF4C-4E29-A686-A5BCEACCC211}.Debug|Any CPU.ActiveCfg = Debug|Any CPU
		{FFC744D7-BF4C-4E29-A686-A5BCEACCC211}.Debug|Any CPU.Build.0 = Debug|Any CPU
		{FFC744D7-BF4C-4E29-A686-A5BCEACCC211}.Release|Any CPU.ActiveCfg = Release|Any CPU
		{FFC744D7-BF4C-4E29-A686-A5BCEACCC211}.Release|Any CPU.Build.0 = Release|Any CPU
		{7ABA085B-7AAB-43CA-B1BA-9817D10F07FB}.Debug|Any CPU.ActiveCfg = Debug|Any CPU
		{7ABA085B-7AAB-43CA-B1BA-9817D10F07FB}.Debug|Any CPU.Build.0 = Debug|Any CPU
		{7ABA085B-7AAB-43CA-B1BA-9817D10F07FB}.Release|Any CPU.ActiveCfg = Release|Any CPU
		{7ABA085B-7AAB-43CA-B1BA-9817D10F07FB}.Release|Any CPU.Build.0 = Release|Any CPU
		{D0F40C41-9B5D-4C91-9A3E-0210A6F5AC5D}.Debug|Any CPU.ActiveCfg = Debug|Any CPU
		{D0F40C41-9B5D-4C91-9A3E-0210A6F5AC5D}.Debug|Any CPU.Build.0 = Debug|Any CPU
		{D0F40C41-9B5D-4C91-9A3E-0210A6F5AC5D}.Release|Any CPU.ActiveCfg = Release|Any CPU
		{D0F40C41-9B5D-4C91-9A3E-0210A6F5AC5D}.Release|Any CPU.Build.0 = Release|Any CPU
	EndGlobalSection
	GlobalSection(SolutionProperties) = preSolution
		HideSolutionNode = FALSE
	EndGlobalSection
	GlobalSection(ExtensibilityGlobals) = postSolution
		SolutionGuid = {7C7610CA-D781-4112-97C2-D7589786DDE2}
	EndGlobalSection
EndGlobal
